
Microsoft Visual Studio Solution File, Format Version 12.00
# Visual Studio Version 16
VisualStudioVersion = 16.0.32929.386
MinimumVisualStudioVersion = 10.0.40219.1
Project("{888888A0-9F3D-457C-B088-3A5042F75D52}") = "stockestimator", "stockestimator.pyproj", "{3EBD7142-45AF-48F0-A768-AD2633411BA3}"
EndProject
Global
	GlobalSection(SolutionConfigurationPlatforms) = preSolution
		Debug|Any CPU = Debug|Any CPU
		Release|Any CPU = Release|Any CPU
	EndGlobalSection
	GlobalSection(ProjectConfigurationPlatforms) = postSolution
		{3EBD7142-45AF-48F0-A768-AD2633411BA3}.Debug|Any CPU.ActiveCfg = Debug|Any CPU
		{3EBD7142-45AF-48F0-A768-AD2633411BA3}.Release|Any CPU.ActiveCfg = Release|Any CPU
	EndGlobalSection
	GlobalSection(SolutionProperties) = preSolution
		HideSolutionNode = FALSE
	EndGlobalSection
	GlobalSection(ExtensibilityGlobals) = postSolution
		SolutionGuid = {5F686B4E-F941-45EE-B9DD-94193EA787E6}
	EndGlobalSection
EndGlobal
